PODS:
  - Bolts/Tasks (1.2.1)
  - ELCImagePickerController (0.2.0)
  - Parse (1.8.2):
    - Bolts/Tasks (>= 1.2.1)

DEPENDENCIES:
  - ELCImagePickerController (~> 0.2)
  - Parse

SPEC CHECKSUMS:
  Bolts: 7686a5cb204d1ac54cee26f12d9b7622db3f80d1
  ELCImagePickerController: b1b7084434a7d49f2cfc916bde1f3ba353d38de9
  Parse: 188601c6cd91fae55906badd283b513104a3a8c9

COCOAPODS: 0.39.0
