PODS:
  - Bolts/Tasks (1.2.1)
  - Crashlytics (3.2.0)
  - Fabric (1.4.1):
    - Fabric/Base (= 1.4.1)
  - Fabric/Base (1.4.1)
  - Parse (1.8.2):
    - Bolts/Tasks (>= 1.2.1)

DEPENDENCIES:
  - Crashlytics
  - Fabric
  - Parse

SPEC CHECKSUMS:
  Bolts: 7686a5cb204d1ac54cee26f12d9b7622db3f80d1
  Crashlytics: a29e4f820aa401482b26043dc5d78adf08ac7573
  Fabric: 4f718eeca4c02c7d6f6f4e5f0e5f87c63aa38458
  Parse: 188601c6cd91fae55906badd283b513104a3a8c9

COCOAPODS: 0.38.2
