// !$*UTF8*$!
{
	archiveVersion = 1;
	classes = {
	};
	objectVersion = 46;
	objects = {

/* Begin PBXBuildFile section */
		88450BFB1BC4CC30004BB6B4 /* Fabric.framework in Frameworks */ = {isa = PBXBuildFile; fileRef = 88450BF91BC4CC30004BB6B4 /* Fabric.framework */; };
		88450BFC1BC4CC30004BB6B4 /* Crashlytics.framework in Frameworks */ = {isa = PBXBuildFile; fileRef = 88450BFA1BC4CC30004BB6B4 /* Crashlytics.framework */; };
		8849A1E31BA0CB8400511DD5 /* SignUpTableViewController.m in Sources */ = {isa = PBXBuildFile; fileRef = 8849A1E21BA0CB8400511DD5 /* SignUpTableViewController.m */; };
		8849A1E61BA0CC7A00511DD5 /* SignUpInputTableViewCell.m in Sources */ = {isa = PBXBuildFile; fileRef = 8849A1E51BA0CC7A00511DD5 /* SignUpInputTableViewCell.m */; };
		8849A1E91BA2590800511DD5 /* IntroViewController.m in Sources */ = {isa = PBXBuildFile; fileRef = 8849A1E81BA2590800511DD5 /* IntroViewController.m */; };
		887FF4CE1BD530B400F3679D /* Spotlight.m in Sources */ = {isa = PBXBuildFile; fileRef = 887FF4CD1BD530B400F3679D /* Spotlight.m */; };
		8893FD711BFC1B5900711779 /* spotlight@3x.png in Resources */ = {isa = PBXBuildFile; fileRef = 8893FD701BFC1B5900711779 /* spotlight@3x.png */; };
		8893FD731BFC1C4600711779 /* profile@3x.png in Resources */ = {isa = PBXBuildFile; fileRef = 8893FD721BFC1C4600711779 /* profile@3x.png */; };
		8893FD751BFC1CF600711779 /* friends@3x.png in Resources */ = {isa = PBXBuildFile; fileRef = 8893FD741BFC1CF600711779 /* friends@3x.png */; };
		8893FD771BFC1E0400711779 /* teams@3x.png in Resources */ = {isa = PBXBuildFile; fileRef = 8893FD761BFC1E0400711779 /* teams@3x.png */; };
		8893FD7A1BFCCC2100711779 /* Team.m in Sources */ = {isa = PBXBuildFile; fileRef = 8893FD791BFCCC2100711779 /* Team.m */; };
		8893FD7D1BFD1FCB00711779 /* FieldEntryTableViewCell.m in Sources */ = {isa = PBXBuildFile; fileRef = 8893FD7C1BFD1FCB00711779 /* FieldEntryTableViewCell.m */; };
		88A736DA1B91318D00093B27 /* main.m in Sources */ = {isa = PBXBuildFile; fileRef = 88A736D91B91318D00093B27 /* main.m */; };
		88A736DD1B91318D00093B27 /* AppDelegate.m in Sources */ = {isa = PBXBuildFile; fileRef = 88A736DC1B91318D00093B27 /* AppDelegate.m */; };
		88A736E31B91318D00093B27 /* Main.storyboard in Resources */ = {isa = PBXBuildFile; fileRef = 88A736E11B91318D00093B27 /* Main.storyboard */; };
		88A736E51B91318D00093B27 /* Images.xcassets in Resources */ = {isa = PBXBuildFile; fileRef = 88A736E41B91318D00093B27 /* Images.xcassets */; };
		88A736E81B91318D00093B27 /* LaunchScreen.xib in Resources */ = {isa = PBXBuildFile; fileRef = 88A736E61B91318D00093B27 /* LaunchScreen.xib */; };
		88A736F41B91318D00093B27 /* SpotlightTests.m in Sources */ = {isa = PBXBuildFile; fileRef = 88A736F31B91318D00093B27 /* SpotlightTests.m */; };
		88BDFC521BFD22B8007A3EBB /* CreateTeamTableViewController.m in Sources */ = {isa = PBXBuildFile; fileRef = 88BDFC511BFD22B8007A3EBB /* CreateTeamTableViewController.m */; };
		88BDFC5A1BFD33E0007A3EBB /* TeamsTableViewController.m in Sources */ = {isa = PBXBuildFile; fileRef = 88BDFC591BFD33E0007A3EBB /* TeamsTableViewController.m */; };
		88BDFC5D1BFD3635007A3EBB /* TeamTableViewCell.m in Sources */ = {isa = PBXBuildFile; fileRef = 88BDFC5C1BFD3635007A3EBB /* TeamTableViewCell.m */; };
		88BDFC601BFD4602007A3EBB /* ProfileTableViewController.m in Sources */ = {isa = PBXBuildFile; fileRef = 88BDFC5F1BFD4602007A3EBB /* ProfileTableViewController.m */; };
		88BDFC631BFD4BFB007A3EBB /* MainTabBarController.m in Sources */ = {isa = PBXBuildFile; fileRef = 88BDFC621BFD4BFB007A3EBB /* MainTabBarController.m */; };
		88BDFC651BFD4FD2007A3EBB /* BasicHeaderView.xib in Resources */ = {isa = PBXBuildFile; fileRef = 88BDFC641BFD4FD2007A3EBB /* BasicHeaderView.xib */; };
		88BDFC681BFD5034007A3EBB /* BasicHeaderView.m in Sources */ = {isa = PBXBuildFile; fileRef = 88BDFC671BFD5034007A3EBB /* BasicHeaderView.m */; };
		88BDFC6A1BFD53BD007A3EBB /* gb.png in Resources */ = {isa = PBXBuildFile; fileRef = 88BDFC691BFD53BD007A3EBB /* gb.png */; };
		88BDFC701BFD60B5007A3EBB /* SpotlightCollectionViewController.m in Sources */ = {isa = PBXBuildFile; fileRef = 88BDFC6F1BFD60B5007A3EBB /* SpotlightCollectionViewController.m */; };
		88BDFC731BFF6A38007A3EBB /* TeamSelectTableViewController.m in Sources */ = {isa = PBXBuildFile; fileRef = 88BDFC721BFF6A38007A3EBB /* TeamSelectTableViewController.m */; };
		88BDFC761BFF70E6007A3EBB /* CreateSpotlightTableViewController.m in Sources */ = {isa = PBXBuildFile; fileRef = 88BDFC751BFF70E6007A3EBB /* CreateSpotlightTableViewController.m */; };
		88BDFC791BFF82FD007A3EBB /* SpotlightHeaderCollectionReusableView.m in Sources */ = {isa = PBXBuildFile; fileRef = 88BDFC781BFF82FD007A3EBB /* SpotlightHeaderCollectionReusableView.m */; };
		88BDFC7C1BFF8ABB007A3EBB /* SpotlightMediaCollectionViewCell.m in Sources */ = {isa = PBXBuildFile; fileRef = 88BDFC7B1BFF8ABB007A3EBB /* SpotlightMediaCollectionViewCell.m */; };
		88CAE8D71BFB9AF30099A733 /* landingBg.jpg in Resources */ = {isa = PBXBuildFile; fileRef = 88CAE8D61BFB9AF20099A733 /* landingBg.jpg */; };
		88E953411BEB7ED50094F73D /* Contacts-50.png in Resources */ = {isa = PBXBuildFile; fileRef = 88E953401BEB7ED50094F73D /* Contacts-50.png */; };
		88E953431BEB7FDF0094F73D /* Conference_call-100.png in Resources */ = {isa = PBXBuildFile; fileRef = 88E953421BEB7FDF0094F73D /* Conference_call-100.png */; };
		88E953461BEB8B7D0094F73D /* FriendsTableViewController.m in Sources */ = {isa = PBXBuildFile; fileRef = 88E953451BEB8B7D0094F73D /* FriendsTableViewController.m */; };
		88E98E891BAF508400292B14 /* Softball.JPG in Resources */ = {isa = PBXBuildFile; fileRef = 88E98E861BAF508400292B14 /* Softball.JPG */; };
		88E98E8A1BAF508400292B14 /* hockey.jpg in Resources */ = {isa = PBXBuildFile; fileRef = 88E98E871BAF508400292B14 /* hockey.jpg */; };
		88E98E8B1BAF508400292B14 /* fielding ground ball.jpg in Resources */ = {isa = PBXBuildFile; fileRef = 88E98E881BAF508400292B14 /* fielding ground ball.jpg */; };
		88E9E8F31BD557F00065AA0C /* CreateSpotlightViewController.m in Sources */ = {isa = PBXBuildFile; fileRef = 88E9E8F21BD557F00065AA0C /* CreateSpotlightViewController.m */; };
		88E9E8F61BD5791E0065AA0C /* SpotlightMedia.m in Sources */ = {isa = PBXBuildFile; fileRef = 88E9E8F51BD5791E0065AA0C /* SpotlightMedia.m */; };
		88E9E8F91BD5C46D0065AA0C /* SpotlightTableViewCell.m in Sources */ = {isa = PBXBuildFile; fileRef = 88E9E8F81BD5C46D0065AA0C /* SpotlightTableViewCell.m */; };
		88E9E8FF1BD6A6470065AA0C /* SpotlightMediaTableViewCell.m in Sources */ = {isa = PBXBuildFile; fileRef = 88E9E8FE1BD6A6470065AA0C /* SpotlightMediaTableViewCell.m */; };
		88EE2CC61B9E08B2002DDB99 /* SpotlightFeedViewController.m in Sources */ = {isa = PBXBuildFile; fileRef = 88EE2CC51B9E08B2002DDB99 /* SpotlightFeedViewController.m */; };
		C2B409966BE212B335038003 /* libPods-Spotlight.a in Frameworks */ = {isa = PBXBuildFile; fileRef = F03B672A3CAD95AD6DB192BE /* libPods-Spotlight.a */; };
/* End PBXBuildFile section */

/* Begin PBXContainerItemProxy section */
		88A736EE1B91318D00093B27 /* PBXContainerItemProxy */ = {
			isa = PBXContainerItemProxy;
			containerPortal = 88A736CC1B91318D00093B27 /* Project object */;
			proxyType = 1;
			remoteGlobalIDString = 88A736D31B91318D00093B27;
			remoteInfo = Spotlight;
		};
/* End PBXContainerItemProxy section */

/* Begin PBXFileReference section */
		17139AE8364E5B9890F4FCBC /* Pods-Spotlight.debug.xcconfig */ = {isa = PBXFileReference; includeInIndex = 1; lastKnownFileType = text.xcconfig; name = "Pods-Spotlight.debug.xcconfig"; path = "Pods/Target Support Files/Pods-Spotlight/Pods-Spotlight.debug.xcconfig"; sourceTree = "<group>"; };
		4FDDD1185B6B67FED774A599 /* Pods-Spotlight.release.xcconfig */ = {isa = PBXFileReference; includeInIndex = 1; lastKnownFileType = text.xcconfig; name = "Pods-Spotlight.release.xcconfig"; path = "Pods/Target Support Files/Pods-Spotlight/Pods-Spotlight.release.xcconfig"; sourceTree = "<group>"; };
		88450BF91BC4CC30004BB6B4 /* Fabric.framework */ = {isa = PBXFileReference; lastKnownFileType = wrapper.framework; path = Fabric.framework; sourceTree = "<group>"; };
		88450BFA1BC4CC30004BB6B4 /* Crashlytics.framework */ = {isa = PBXFileReference; lastKnownFileType = wrapper.framework; path = Crashlytics.framework; sourceTree = "<group>"; };
		8849A1E11BA0CB8400511DD5 /* SignUpTableViewController.h */ = {isa = PBXFileReference; fileEncoding = 4; lastKnownFileType = sourcecode.c.h; path = SignUpTableViewController.h; sourceTree = "<group>"; };
		8849A1E21BA0CB8400511DD5 /* SignUpTableViewController.m */ = {isa = PBXFileReference; fileEncoding = 4; lastKnownFileType = sourcecode.c.objc; path = SignUpTableViewController.m; sourceTree = "<group>"; };
		8849A1E41BA0CC7A00511DD5 /* SignUpInputTableViewCell.h */ = {isa = PBXFileReference; fileEncoding = 4; lastKnownFileType = sourcecode.c.h; path = SignUpInputTableViewCell.h; sourceTree = "<group>"; };
		8849A1E51BA0CC7A00511DD5 /* SignUpInputTableViewCell.m */ = {isa = PBXFileReference; fileEncoding = 4; lastKnownFileType = sourcecode.c.objc; path = SignUpInputTableViewCell.m; sourceTree = "<group>"; };
		8849A1E71BA2590800511DD5 /* IntroViewController.h */ = {isa = PBXFileReference; fileEncoding = 4; lastKnownFileType = sourcecode.c.h; path = IntroViewController.h; sourceTree = "<group>"; };
		8849A1E81BA2590800511DD5 /* IntroViewController.m */ = {isa = PBXFileReference; fileEncoding = 4; lastKnownFileType = sourcecode.c.objc; path = IntroViewController.m; sourceTree = "<group>"; };
		887FF4CC1BD530B400F3679D /* Spotlight.h */ = {isa = PBXFileReference; fileEncoding = 4; lastKnownFileType = sourcecode.c.h; path = Spotlight.h; sourceTree = "<group>"; };
		887FF4CD1BD530B400F3679D /* Spotlight.m */ = {isa = PBXFileReference; fileEncoding = 4; lastKnownFileType = sourcecode.c.objc; path = Spotlight.m; sourceTree = "<group>"; };
		8893FD701BFC1B5900711779 /* spotlight@3x.png */ = {isa = PBXFileReference; lastKnownFileType = image.png; path = "spotlight@3x.png"; sourceTree = "<group>"; };
		8893FD721BFC1C4600711779 /* profile@3x.png */ = {isa = PBXFileReference; lastKnownFileType = image.png; path = "profile@3x.png"; sourceTree = "<group>"; };
		8893FD741BFC1CF600711779 /* friends@3x.png */ = {isa = PBXFileReference; lastKnownFileType = image.png; path = "friends@3x.png"; sourceTree = "<group>"; };
		8893FD761BFC1E0400711779 /* teams@3x.png */ = {isa = PBXFileReference; lastKnownFileType = image.png; path = "teams@3x.png"; sourceTree = "<group>"; };
		8893FD781BFCCC2100711779 /* Team.h */ = {isa = PBXFileReference; fileEncoding = 4; lastKnownFileType = sourcecode.c.h; path = Team.h; sourceTree = "<group>"; };
		8893FD791BFCCC2100711779 /* Team.m */ = {isa = PBXFileReference; fileEncoding = 4; lastKnownFileType = sourcecode.c.objc; path = Team.m; sourceTree = "<group>"; };
		8893FD7B1BFD1FCB00711779 /* FieldEntryTableViewCell.h */ = {isa = PBXFileReference; fileEncoding = 4; lastKnownFileType = sourcecode.c.h; path = FieldEntryTableViewCell.h; sourceTree = "<group>"; };
		8893FD7C1BFD1FCB00711779 /* FieldEntryTableViewCell.m */ = {isa = PBXFileReference; fileEncoding = 4; lastKnownFileType = sourcecode.c.objc; path = FieldEntryTableViewCell.m; sourceTree = "<group>"; };
		88A736D41B91318D00093B27 /* Spotlight.app */ = {isa = PBXFileReference; explicitFileType = wrapper.application; includeInIndex = 0; path = Spotlight.app; sourceTree = BUILT_PRODUCTS_DIR; };
		88A736D81B91318D00093B27 /* Info.plist */ = {isa = PBXFileReference; lastKnownFileType = text.plist.xml; path = Info.plist; sourceTree = "<group>"; };
		88A736D91B91318D00093B27 /* main.m */ = {isa = PBXFileReference; lastKnownFileType = sourcecode.c.objc; path = main.m; sourceTree = "<group>"; };
		88A736DB1B91318D00093B27 /* AppDelegate.h */ = {isa = PBXFileReference; lastKnownFileType = sourcecode.c.h; path = AppDelegate.h; sourceTree = "<group>"; };
		88A736DC1B91318D00093B27 /* AppDelegate.m */ = {isa = PBXFileReference; lastKnownFileType = sourcecode.c.objc; path = AppDelegate.m; sourceTree = "<group>"; };
		88A736E21B91318D00093B27 /* Base */ = {isa = PBXFileReference; lastKnownFileType = file.storyboard; name = Base; path = Base.lproj/Main.storyboard; sourceTree = "<group>"; };
		88A736E41B91318D00093B27 /* Images.xcassets */ = {isa = PBXFileReference; lastKnownFileType = folder.assetcatalog; path = Images.xcassets; sourceTree = "<group>"; };
		88A736E71B91318D00093B27 /* Base */ = {isa = PBXFileReference; lastKnownFileType = file.xib; name = Base; path = Base.lproj/LaunchScreen.xib; sourceTree = "<group>"; };
		88A736ED1B91318D00093B27 /* SpotlightTests.xctest */ = {isa = PBXFileReference; explicitFileType = wrapper.cfbundle; includeInIndex = 0; path = SpotlightTests.xctest; sourceTree = BUILT_PRODUCTS_DIR; };
		88A736F21B91318D00093B27 /* Info.plist */ = {isa = PBXFileReference; lastKnownFileType = text.plist.xml; path = Info.plist; sourceTree = "<group>"; };
		88A736F31B91318D00093B27 /* SpotlightTests.m */ = {isa = PBXFileReference; lastKnownFileType = sourcecode.c.objc; path = SpotlightTests.m; sourceTree = "<group>"; };
		88BDFC501BFD22B8007A3EBB /* CreateTeamTableViewController.h */ = {isa = PBXFileReference; fileEncoding = 4; lastKnownFileType = sourcecode.c.h; path = CreateTeamTableViewController.h; sourceTree = "<group>"; };
		88BDFC511BFD22B8007A3EBB /* CreateTeamTableViewController.m */ = {isa = PBXFileReference; fileEncoding = 4; lastKnownFileType = sourcecode.c.objc; path = CreateTeamTableViewController.m; sourceTree = "<group>"; };
		88BDFC581BFD33E0007A3EBB /* TeamsTableViewController.h */ = {isa = PBXFileReference; fileEncoding = 4; lastKnownFileType = sourcecode.c.h; path = TeamsTableViewController.h; sourceTree = "<group>"; };
		88BDFC591BFD33E0007A3EBB /* TeamsTableViewController.m */ = {isa = PBXFileReference; fileEncoding = 4; lastKnownFileType = sourcecode.c.objc; path = TeamsTableViewController.m; sourceTree = "<group>"; };
		88BDFC5B1BFD3635007A3EBB /* TeamTableViewCell.h */ = {isa = PBXFileReference; fileEncoding = 4; lastKnownFileType = sourcecode.c.h; path = TeamTableViewCell.h; sourceTree = "<group>"; };
		88BDFC5C1BFD3635007A3EBB /* TeamTableViewCell.m */ = {isa = PBXFileReference; fileEncoding = 4; lastKnownFileType = sourcecode.c.objc; path = TeamTableViewCell.m; sourceTree = "<group>"; };
		88BDFC5E1BFD4602007A3EBB /* ProfileTableViewController.h */ = {isa = PBXFileReference; fileEncoding = 4; lastKnownFileType = sourcecode.c.h; path = ProfileTableViewController.h; sourceTree = "<group>"; };
		88BDFC5F1BFD4602007A3EBB /* ProfileTableViewController.m */ = {isa = PBXFileReference; fileEncoding = 4; lastKnownFileType = sourcecode.c.objc; path = ProfileTableViewController.m; sourceTree = "<group>"; };
		88BDFC611BFD4BFB007A3EBB /* MainTabBarController.h */ = {isa = PBXFileReference; fileEncoding = 4; lastKnownFileType = sourcecode.c.h; path = MainTabBarController.h; sourceTree = "<group>"; };
		88BDFC621BFD4BFB007A3EBB /* MainTabBarController.m */ = {isa = PBXFileReference; fileEncoding = 4; lastKnownFileType = sourcecode.c.objc; path = MainTabBarController.m; sourceTree = "<group>"; };
		88BDFC641BFD4FD2007A3EBB /* BasicHeaderView.xib */ = {isa = PBXFileReference; fileEncoding = 4; lastKnownFileType = file.xib; path = BasicHeaderView.xib; sourceTree = "<group>"; };
		88BDFC661BFD5034007A3EBB /* BasicHeaderView.h */ = {isa = PBXFileReference; fileEncoding = 4; lastKnownFileType = sourcecode.c.h; path = BasicHeaderView.h; sourceTree = "<group>"; };
		88BDFC671BFD5034007A3EBB /* BasicHeaderView.m */ = {isa = PBXFileReference; fileEncoding = 4; lastKnownFileType = sourcecode.c.objc; path = BasicHeaderView.m; sourceTree = "<group>"; };
		88BDFC691BFD53BD007A3EBB /* gb.png */ = {isa = PBXFileReference; lastKnownFileType = image.png; path = gb.png; sourceTree = "<group>"; };
		88BDFC6E1BFD60B5007A3EBB /* SpotlightCollectionViewController.h */ = {isa = PBXFileReference; fileEncoding = 4; lastKnownFileType = sourcecode.c.h; path = SpotlightCollectionViewController.h; sourceTree = "<group>"; };
		88BDFC6F1BFD60B5007A3EBB /* SpotlightCollectionViewController.m */ = {isa = PBXFileReference; fileEncoding = 4; lastKnownFileType = sourcecode.c.objc; path = SpotlightCollectionViewController.m; sourceTree = "<group>"; };
		88BDFC711BFF6A38007A3EBB /* TeamSelectTableViewController.h */ = {isa = PBXFileReference; fileEncoding = 4; lastKnownFileType = sourcecode.c.h; path = TeamSelectTableViewController.h; sourceTree = "<group>"; };
		88BDFC721BFF6A38007A3EBB /* TeamSelectTableViewController.m */ = {isa = PBXFileReference; fileEncoding = 4; lastKnownFileType = sourcecode.c.objc; path = TeamSelectTableViewController.m; sourceTree = "<group>"; };
		88BDFC741BFF70E6007A3EBB /* CreateSpotlightTableViewController.h */ = {isa = PBXFileReference; fileEncoding = 4; lastKnownFileType = sourcecode.c.h; path = CreateSpotlightTableViewController.h; sourceTree = "<group>"; };
		88BDFC751BFF70E6007A3EBB /* CreateSpotlightTableViewController.m */ = {isa = PBXFileReference; fileEncoding = 4; lastKnownFileType = sourcecode.c.objc; path = CreateSpotlightTableViewController.m; sourceTree = "<group>"; };
		88BDFC771BFF82FD007A3EBB /* SpotlightHeaderCollectionReusableView.h */ = {isa = PBXFileReference; fileEncoding = 4; lastKnownFileType = sourcecode.c.h; path = SpotlightHeaderCollectionReusableView.h; sourceTree = "<group>"; };
		88BDFC781BFF82FD007A3EBB /* SpotlightHeaderCollectionReusableView.m */ = {isa = PBXFileReference; fileEncoding = 4; lastKnownFileType = sourcecode.c.objc; path = SpotlightHeaderCollectionReusableView.m; sourceTree = "<group>"; };
		88BDFC7A1BFF8ABB007A3EBB /* SpotlightMediaCollectionViewCell.h */ = {isa = PBXFileReference; fileEncoding = 4; lastKnownFileType = sourcecode.c.h; path = SpotlightMediaCollectionViewCell.h; sourceTree = "<group>"; };
		88BDFC7B1BFF8ABB007A3EBB /* SpotlightMediaCollectionViewCell.m */ = {isa = PBXFileReference; fileEncoding = 4; lastKnownFileType = sourcecode.c.objc; path = SpotlightMediaCollectionViewCell.m; sourceTree = "<group>"; };
		88CAE8D61BFB9AF20099A733 /* landingBg.jpg */ = {isa = PBXFileReference; lastKnownFileType = image.jpeg; path = landingBg.jpg; sourceTree = "<group>"; };
		88E953401BEB7ED50094F73D /* Contacts-50.png */ = {isa = PBXFileReference; lastKnownFileType = image.png; path = "Contacts-50.png"; sourceTree = "<group>"; };
		88E953421BEB7FDF0094F73D /* Conference_call-100.png */ = {isa = PBXFileReference; lastKnownFileType = image.png; path = "Conference_call-100.png"; sourceTree = "<group>"; };
		88E953441BEB8B7D0094F73D /* FriendsTableViewController.h */ = {isa = PBXFileReference; fileEncoding = 4; lastKnownFileType = sourcecode.c.h; path = FriendsTableViewController.h; sourceTree = "<group>"; };
		88E953451BEB8B7D0094F73D /* FriendsTableViewController.m */ = {isa = PBXFileReference; fileEncoding = 4; lastKnownFileType = sourcecode.c.objc; path = FriendsTableViewController.m; sourceTree = "<group>"; };
		88E98E861BAF508400292B14 /* Softball.JPG */ = {isa = PBXFileReference; lastKnownFileType = image.jpeg; path = Softball.JPG; sourceTree = "<group>"; };
		88E98E871BAF508400292B14 /* hockey.jpg */ = {isa = PBXFileReference; lastKnownFileType = image.jpeg; path = hockey.jpg; sourceTree = "<group>"; };
		88E98E881BAF508400292B14 /* fielding ground ball.jpg */ = {isa = PBXFileReference; lastKnownFileType = image.jpeg; path = "fielding ground ball.jpg"; sourceTree = "<group>"; };
		88E9E8F11BD557F00065AA0C /* CreateSpotlightViewController.h */ = {isa = PBXFileReference; fileEncoding = 4; lastKnownFileType = sourcecode.c.h; path = CreateSpotlightViewController.h; sourceTree = "<group>"; };
		88E9E8F21BD557F00065AA0C /* CreateSpotlightViewController.m */ = {isa = PBXFileReference; fileEncoding = 4; lastKnownFileType = sourcecode.c.objc; path = CreateSpotlightViewController.m; sourceTree = "<group>"; };
		88E9E8F41BD5791E0065AA0C /* SpotlightMedia.h */ = {isa = PBXFileReference; fileEncoding = 4; lastKnownFileType = sourcecode.c.h; path = SpotlightMedia.h; sourceTree = "<group>"; };
		88E9E8F51BD5791E0065AA0C /* SpotlightMedia.m */ = {isa = PBXFileReference; fileEncoding = 4; lastKnownFileType = sourcecode.c.objc; path = SpotlightMedia.m; sourceTree = "<group>"; };
		88E9E8F71BD5C46D0065AA0C /* SpotlightTableViewCell.h */ = {isa = PBXFileReference; fileEncoding = 4; lastKnownFileType = sourcecode.c.h; path = SpotlightTableViewCell.h; sourceTree = "<group>"; };
		88E9E8F81BD5C46D0065AA0C /* SpotlightTableViewCell.m */ = {isa = PBXFileReference; fileEncoding = 4; lastKnownFileType = sourcecode.c.objc; path = SpotlightTableViewCell.m; sourceTree = "<group>"; };
		88E9E8FD1BD6A6470065AA0C /* SpotlightMediaTableViewCell.h */ = {isa = PBXFileReference; fileEncoding = 4; lastKnownFileType = sourcecode.c.h; path = SpotlightMediaTableViewCell.h; sourceTree = "<group>"; };
		88E9E8FE1BD6A6470065AA0C /* SpotlightMediaTableViewCell.m */ = {isa = PBXFileReference; fileEncoding = 4; lastKnownFileType = sourcecode.c.objc; path = SpotlightMediaTableViewCell.m; sourceTree = "<group>"; };
		88EE2CC41B9E08B2002DDB99 /* SpotlightFeedViewController.h */ = {isa = PBXFileReference; fileEncoding = 4; lastKnownFileType = sourcecode.c.h; path = SpotlightFeedViewController.h; sourceTree = "<group>"; };
		88EE2CC51B9E08B2002DDB99 /* SpotlightFeedViewController.m */ = {isa = PBXFileReference; fileEncoding = 4; lastKnownFileType = sourcecode.c.objc; path = SpotlightFeedViewController.m; sourceTree = "<group>"; };
		F03B672A3CAD95AD6DB192BE /* libPods-Spotlight.a */ = {isa = PBXFileReference; explicitFileType = archive.ar; includeInIndex = 0; path = "libPods-Spotlight.a"; sourceTree = BUILT_PRODUCTS_DIR; };
/* End PBXFileReference section */

/* Begin PBXFrameworksBuildPhase section */
		88A736D11B91318D00093B27 /* Frameworks */ = {
			isa = PBXFrameworksBuildPhase;
			buildActionMask = 2147483647;
			files = (
				C2B409966BE212B335038003 /* libPods-Spotlight.a in Frameworks */,
				88450BFC1BC4CC30004BB6B4 /* Crashlytics.framework in Frameworks */,
				88450BFB1BC4CC30004BB6B4 /* Fabric.framework in Frameworks */,
			);
			runOnlyForDeploymentPostprocessing = 0;
		};
		88A736EA1B91318D00093B27 /* Frameworks */ = {
			isa = PBXFrameworksBuildPhase;
			buildActionMask = 2147483647;
			files = (
			);
			runOnlyForDeploymentPostprocessing = 0;
		};
/* End PBXFrameworksBuildPhase section */

/* Begin PBXGroup section */
		4C8670A663CEB02CAA8F6223 /* Frameworks */ = {
			isa = PBXGroup;
			children = (
				F03B672A3CAD95AD6DB192BE /* libPods-Spotlight.a */,
			);
			name = Frameworks;
			sourceTree = "<group>";
		};
		521BF6B11B45F7B248EE7844 /* Pods */ = {
			isa = PBXGroup;
			children = (
				17139AE8364E5B9890F4FCBC /* Pods-Spotlight.debug.xcconfig */,
				4FDDD1185B6B67FED774A599 /* Pods-Spotlight.release.xcconfig */,
			);
			name = Pods;
			sourceTree = "<group>";
		};
		88A736CB1B91318D00093B27 = {
			isa = PBXGroup;
			children = (
				88A736D61B91318D00093B27 /* Spotlight */,
				88A736F01B91318D00093B27 /* SpotlightTests */,
				88A736D51B91318D00093B27 /* Products */,
				88450BF91BC4CC30004BB6B4 /* Fabric.framework */,
				88450BFA1BC4CC30004BB6B4 /* Crashlytics.framework */,
				521BF6B11B45F7B248EE7844 /* Pods */,
				4C8670A663CEB02CAA8F6223 /* Frameworks */,
			);
			sourceTree = "<group>";
		};
		88A736D51B91318D00093B27 /* Products */ = {
			isa = PBXGroup;
			children = (
				88A736D41B91318D00093B27 /* Spotlight.app */,
				88A736ED1B91318D00093B27 /* SpotlightTests.xctest */,
			);
			name = Products;
			sourceTree = "<group>";
		};
		88A736D61B91318D00093B27 /* Spotlight */ = {
			isa = PBXGroup;
			children = (
				88A736DB1B91318D00093B27 /* AppDelegate.h */,
				88A736DC1B91318D00093B27 /* AppDelegate.m */,
				88BDFC611BFD4BFB007A3EBB /* MainTabBarController.h */,
				88BDFC621BFD4BFB007A3EBB /* MainTabBarController.m */,
				88BDFC561BFD3314007A3EBB /* Spotlight */,
				88BDFC551BFD32E3007A3EBB /* SignUp */,
				88BDFC541BFD32D0007A3EBB /* Team */,
				88BDFC571BFD3370007A3EBB /* Friends */,
				8893FD7B1BFD1FCB00711779 /* FieldEntryTableViewCell.h */,
				8893FD7C1BFD1FCB00711779 /* FieldEntryTableViewCell.m */,
				88BDFC5E1BFD4602007A3EBB /* ProfileTableViewController.h */,
				88BDFC5F1BFD4602007A3EBB /* ProfileTableViewController.m */,
				88BDFC641BFD4FD2007A3EBB /* BasicHeaderView.xib */,
				88BDFC661BFD5034007A3EBB /* BasicHeaderView.h */,
				88BDFC671BFD5034007A3EBB /* BasicHeaderView.m */,
				88A736E11B91318D00093B27 /* Main.storyboard */,
				88A736E41B91318D00093B27 /* Images.xcassets */,
				88A736E61B91318D00093B27 /* LaunchScreen.xib */,
				88A736D71B91318D00093B27 /* Supporting Files */,
			);
			path = Spotlight;
			sourceTree = "<group>";
		};
		88A736D71B91318D00093B27 /* Supporting Files */ = {
			isa = PBXGroup;
			children = (
				88E98E851BAF507700292B14 /* Images */,
				88A736D81B91318D00093B27 /* Info.plist */,
				88A736D91B91318D00093B27 /* main.m */,
			);
			name = "Supporting Files";
			sourceTree = "<group>";
		};
		88A736F01B91318D00093B27 /* SpotlightTests */ = {
			isa = PBXGroup;
			children = (
				88A736F31B91318D00093B27 /* SpotlightTests.m */,
				88A736F11B91318D00093B27 /* Supporting Files */,
			);
			path = SpotlightTests;
			sourceTree = "<group>";
		};
		88A736F11B91318D00093B27 /* Supporting Files */ = {
			isa = PBXGroup;
			children = (
				88A736F21B91318D00093B27 /* Info.plist */,
			);
			name = "Supporting Files";
			sourceTree = "<group>";
		};
		88BDFC541BFD32D0007A3EBB /* Team */ = {
			isa = PBXGroup;
			children = (
				8893FD781BFCCC2100711779 /* Team.h */,
				8893FD791BFCCC2100711779 /* Team.m */,
				88BDFC581BFD33E0007A3EBB /* TeamsTableViewController.h */,
				88BDFC591BFD33E0007A3EBB /* TeamsTableViewController.m */,
				88BDFC501BFD22B8007A3EBB /* CreateTeamTableViewController.h */,
				88BDFC511BFD22B8007A3EBB /* CreateTeamTableViewController.m */,
				88BDFC711BFF6A38007A3EBB /* TeamSelectTableViewController.h */,
				88BDFC721BFF6A38007A3EBB /* TeamSelectTableViewController.m */,
				88BDFC5B1BFD3635007A3EBB /* TeamTableViewCell.h */,
				88BDFC5C1BFD3635007A3EBB /* TeamTableViewCell.m */,
			);
			name = Team;
			sourceTree = "<group>";
		};
		88BDFC551BFD32E3007A3EBB /* SignUp */ = {
			isa = PBXGroup;
			children = (
				8849A1E11BA0CB8400511DD5 /* SignUpTableViewController.h */,
				8849A1E21BA0CB8400511DD5 /* SignUpTableViewController.m */,
				8849A1E41BA0CC7A00511DD5 /* SignUpInputTableViewCell.h */,
				8849A1E51BA0CC7A00511DD5 /* SignUpInputTableViewCell.m */,
				8849A1E71BA2590800511DD5 /* IntroViewController.h */,
				8849A1E81BA2590800511DD5 /* IntroViewController.m */,
			);
			name = SignUp;
			sourceTree = "<group>";
		};
		88BDFC561BFD3314007A3EBB /* Spotlight */ = {
			isa = PBXGroup;
			children = (
				887FF4CC1BD530B400F3679D /* Spotlight.h */,
				887FF4CD1BD530B400F3679D /* Spotlight.m */,
				88E9E8F41BD5791E0065AA0C /* SpotlightMedia.h */,
				88E9E8F51BD5791E0065AA0C /* SpotlightMedia.m */,
				88EE2CC41B9E08B2002DDB99 /* SpotlightFeedViewController.h */,
				88EE2CC51B9E08B2002DDB99 /* SpotlightFeedViewController.m */,
				88E9E8F11BD557F00065AA0C /* CreateSpotlightViewController.h */,
				88E9E8F21BD557F00065AA0C /* CreateSpotlightViewController.m */,
				88BDFC741BFF70E6007A3EBB /* CreateSpotlightTableViewController.h */,
				88BDFC751BFF70E6007A3EBB /* CreateSpotlightTableViewController.m */,
				88BDFC6E1BFD60B5007A3EBB /* SpotlightCollectionViewController.h */,
				88BDFC6F1BFD60B5007A3EBB /* SpotlightCollectionViewController.m */,
				88E9E8F71BD5C46D0065AA0C /* SpotlightTableViewCell.h */,
				88E9E8F81BD5C46D0065AA0C /* SpotlightTableViewCell.m */,
				88BDFC7A1BFF8ABB007A3EBB /* SpotlightMediaCollectionViewCell.h */,
				88BDFC7B1BFF8ABB007A3EBB /* SpotlightMediaCollectionViewCell.m */,
				88E9E8FD1BD6A6470065AA0C /* SpotlightMediaTableViewCell.h */,
				88E9E8FE1BD6A6470065AA0C /* SpotlightMediaTableViewCell.m */,
				88BDFC771BFF82FD007A3EBB /* SpotlightHeaderCollectionReusableView.h */,
				88BDFC781BFF82FD007A3EBB /* SpotlightHeaderCollectionReusableView.m */,
			);
			name = Spotlight;
			sourceTree = "<group>";
		};
		88BDFC571BFD3370007A3EBB /* Friends */ = {
			isa = PBXGroup;
			children = (
				88E953441BEB8B7D0094F73D /* FriendsTableViewController.h */,
				88E953451BEB8B7D0094F73D /* FriendsTableViewController.m */,
			);
			name = Friends;
			sourceTree = "<group>";
		};
		88E98E851BAF507700292B14 /* Images */ = {
			isa = PBXGroup;
			children = (
				88BDFC691BFD53BD007A3EBB /* gb.png */,
				8893FD761BFC1E0400711779 /* teams@3x.png */,
				8893FD721BFC1C4600711779 /* profile@3x.png */,
				8893FD741BFC1CF600711779 /* friends@3x.png */,
				8893FD701BFC1B5900711779 /* spotlight@3x.png */,
				88CAE8D61BFB9AF20099A733 /* landingBg.jpg */,
				88E953421BEB7FDF0094F73D /* Conference_call-100.png */,
				88E953401BEB7ED50094F73D /* Contacts-50.png */,
				88E98E861BAF508400292B14 /* Softball.JPG */,
				88E98E871BAF508400292B14 /* hockey.jpg */,
				88E98E881BAF508400292B14 /* fielding ground ball.jpg */,
			);
			name = Images;
			sourceTree = "<group>";
		};
/* End PBXGroup section */

/* Begin PBXNativeTarget section */
		88A736D31B91318D00093B27 /* Spotlight */ = {
			isa = PBXNativeTarget;
			buildConfigurationList = 88A736F71B91318D00093B27 /* Build configuration list for PBXNativeTarget "Spotlight" */;
			buildPhases = (
				C44A0772023A2D7CE8F7F1D5 /* Check Pods Manifest.lock */,
				88A736D01B91318D00093B27 /* Sources */,
				88A736D11B91318D00093B27 /* Frameworks */,
				88A736D21B91318D00093B27 /* Resources */,
				1B0E6BB741D293639D84CBA3 /* Copy Pods Resources */,
				8849A1E01B9FB6CA00511DD5 /* ShellScript */,
				852C6EEB208C3AFADBC59333 /* Embed Pods Frameworks */,
			);
			buildRules = (
			);
			dependencies = (
			);
			name = Spotlight;
			productName = Spotlight;
			productReference = 88A736D41B91318D00093B27 /* Spotlight.app */;
			productType = "com.apple.product-type.application";
		};
		88A736EC1B91318D00093B27 /* SpotlightTests */ = {
			isa = PBXNativeTarget;
			buildConfigurationList = 88A736FA1B91318D00093B27 /* Build configuration list for PBXNativeTarget "SpotlightTests" */;
			buildPhases = (
				88A736E91B91318D00093B27 /* Sources */,
				88A736EA1B91318D00093B27 /* Frameworks */,
				88A736EB1B91318D00093B27 /* Resources */,
			);
			buildRules = (
			);
			dependencies = (
				88A736EF1B91318D00093B27 /* PBXTargetDependency */,
			);
			name = SpotlightTests;
			productName = SpotlightTests;
			productReference = 88A736ED1B91318D00093B27 /* SpotlightTests.xctest */;
			productType = "com.apple.product-type.bundle.unit-test";
		};
/* End PBXNativeTarget section */

/* Begin PBXProject section */
		88A736CC1B91318D00093B27 /* Project object */ = {
			isa = PBXProject;
			attributes = {
				LastSwiftUpdateCheck = 0700;
				LastUpgradeCheck = 0700;
				ORGANIZATIONNAME = Spotlight;
				TargetAttributes = {
					88A736D31B91318D00093B27 = {
						CreatedOnToolsVersion = 6.4;
						DevelopmentTeam = YKL5CRQW8Z;
					};
					88A736EC1B91318D00093B27 = {
						CreatedOnToolsVersion = 6.4;
						TestTargetID = 88A736D31B91318D00093B27;
					};
				};
			};
			buildConfigurationList = 88A736CF1B91318D00093B27 /* Build configuration list for PBXProject "Spotlight" */;
			compatibilityVersion = "Xcode 3.2";
			developmentRegion = English;
			hasScannedForEncodings = 0;
			knownRegions = (
				en,
				Base,
			);
			mainGroup = 88A736CB1B91318D00093B27;
			productRefGroup = 88A736D51B91318D00093B27 /* Products */;
			projectDirPath = "";
			projectRoot = "";
			targets = (
				88A736D31B91318D00093B27 /* Spotlight */,
				88A736EC1B91318D00093B27 /* SpotlightTests */,
			);
		};
/* End PBXProject section */

/* Begin PBXResourcesBuildPhase section */
		88A736D21B91318D00093B27 /* Resources */ = {
			isa = PBXResourcesBuildPhase;
			buildActionMask = 2147483647;
			files = (
				88BDFC6A1BFD53BD007A3EBB /* gb.png in Resources */,
				88A736E31B91318D00093B27 /* Main.storyboard in Resources */,
				88A736E81B91318D00093B27 /* LaunchScreen.xib in Resources */,
				8893FD731BFC1C4600711779 /* profile@3x.png in Resources */,
				88E98E891BAF508400292B14 /* Softball.JPG in Resources */,
				8893FD771BFC1E0400711779 /* teams@3x.png in Resources */,
				88E98E8B1BAF508400292B14 /* fielding ground ball.jpg in Resources */,
				88BDFC651BFD4FD2007A3EBB /* BasicHeaderView.xib in Resources */,
				88E953431BEB7FDF0094F73D /* Conference_call-100.png in Resources */,
				88A736E51B91318D00093B27 /* Images.xcassets in Resources */,
				88E98E8A1BAF508400292B14 /* hockey.jpg in Resources */,
				88E953411BEB7ED50094F73D /* Contacts-50.png in Resources */,
				8893FD751BFC1CF600711779 /* friends@3x.png in Resources */,
				8893FD711BFC1B5900711779 /* spotlight@3x.png in Resources */,
				88CAE8D71BFB9AF30099A733 /* landingBg.jpg in Resources */,
			);
			runOnlyForDeploymentPostprocessing = 0;
		};
		88A736EB1B91318D00093B27 /* Resources */ = {
			isa = PBXResourcesBuildPhase;
			buildActionMask = 2147483647;
			files = (
			);
			runOnlyForDeploymentPostprocessing = 0;
		};
/* End PBXResourcesBuildPhase section */

/* Begin PBXShellScriptBuildPhase section */
		1B0E6BB741D293639D84CBA3 /* Copy Pods Resources */ = {
			isa = PBXShellScriptBuildPhase;
			buildActionMask = 2147483647;
			files = (
			);
			inputPaths = (
			);
			name = "Copy Pods Resources";
			outputPaths = (
			);
			runOnlyForDeploymentPostprocessing = 0;
			shellPath = /bin/sh;
			shellScript = "\"${SRCROOT}/Pods/Target Support Files/Pods-Spotlight/Pods-Spotlight-resources.sh\"\n";
			showEnvVarsInLog = 0;
		};
		852C6EEB208C3AFADBC59333 /* Embed Pods Frameworks */ = {
			isa = PBXShellScriptBuildPhase;
			buildActionMask = 2147483647;
			files = (
			);
			inputPaths = (
			);
			name = "Embed Pods Frameworks";
			outputPaths = (
			);
			runOnlyForDeploymentPostprocessing = 0;
			shellPath = /bin/sh;
			shellScript = "\"${SRCROOT}/Pods/Target Support Files/Pods-Spotlight/Pods-Spotlight-frameworks.sh\"\n";
			showEnvVarsInLog = 0;
		};
		8849A1E01B9FB6CA00511DD5 /* ShellScript */ = {
			isa = PBXShellScriptBuildPhase;
			buildActionMask = 2147483647;
			files = (
			);
			inputPaths = (
			);
			outputPaths = (
			);
			runOnlyForDeploymentPostprocessing = 0;
			shellPath = /bin/sh;
			shellScript = "./Fabric.framework/run 1f3dc97cb296c416a691168cae8634f266e98641 ca2e2e6269a77a78e209a012d8dd69f84b0edbd92ebb3f443d2a6f08938ae991";
		};
		C44A0772023A2D7CE8F7F1D5 /* Check Pods Manifest.lock */ = {
			isa = PBXShellScriptBuildPhase;
			buildActionMask = 2147483647;
			files = (
			);
			inputPaths = (
			);
			name = "Check Pods Manifest.lock";
			outputPaths = (
			);
			runOnlyForDeploymentPostprocessing = 0;
			shellPath = /bin/sh;
			shellScript = "diff \"${PODS_ROOT}/../Podfile.lock\" \"${PODS_ROOT}/Manifest.lock\" > /dev/null\nif [[ $? != 0 ]] ; then\n    cat << EOM\nerror: The sandbox is not in sync with the Podfile.lock. Run 'pod install' or update your CocoaPods installation.\nEOM\n    exit 1\nfi\n";
			showEnvVarsInLog = 0;
		};
/* End PBXShellScriptBuildPhase section */

/* Begin PBXSourcesBuildPhase section */
		88A736D01B91318D00093B27 /* Sources */ = {
			isa = PBXSourcesBuildPhase;
			buildActionMask = 2147483647;
			files = (
				88EE2CC61B9E08B2002DDB99 /* SpotlightFeedViewController.m in Sources */,
				88E953461BEB8B7D0094F73D /* FriendsTableViewController.m in Sources */,
				8849A1E91BA2590800511DD5 /* IntroViewController.m in Sources */,
				8893FD7D1BFD1FCB00711779 /* FieldEntryTableViewCell.m in Sources */,
				88BDFC5A1BFD33E0007A3EBB /* TeamsTableViewController.m in Sources */,
				88E9E8F61BD5791E0065AA0C /* SpotlightMedia.m in Sources */,
				88BDFC7C1BFF8ABB007A3EBB /* SpotlightMediaCollectionViewCell.m in Sources */,
				88BDFC631BFD4BFB007A3EBB /* MainTabBarController.m in Sources */,
				88E9E8F31BD557F00065AA0C /* CreateSpotlightViewController.m in Sources */,
				88A736DD1B91318D00093B27 /* AppDelegate.m in Sources */,
				887FF4CE1BD530B400F3679D /* Spotlight.m in Sources */,
				88BDFC5D1BFD3635007A3EBB /* TeamTableViewCell.m in Sources */,
				88BDFC681BFD5034007A3EBB /* BasicHeaderView.m in Sources */,
				88BDFC601BFD4602007A3EBB /* ProfileTableViewController.m in Sources */,
				88E9E8F91BD5C46D0065AA0C /* SpotlightTableViewCell.m in Sources */,
				88A736DA1B91318D00093B27 /* main.m in Sources */,
				88BDFC761BFF70E6007A3EBB /* CreateSpotlightTableViewController.m in Sources */,
				88E9E8FF1BD6A6470065AA0C /* SpotlightMediaTableViewCell.m in Sources */,
				88BDFC791BFF82FD007A3EBB /* SpotlightHeaderCollectionReusableView.m in Sources */,
				88BDFC731BFF6A38007A3EBB /* TeamSelectTableViewController.m in Sources */,
				88BDFC701BFD60B5007A3EBB /* SpotlightCollectionViewController.m in Sources */,
				88BDFC521BFD22B8007A3EBB /* CreateTeamTableViewController.m in Sources */,
				8849A1E31BA0CB8400511DD5 /* SignUpTableViewController.m in Sources */,
				8893FD7A1BFCCC2100711779 /* Team.m in Sources */,
				8849A1E61BA0CC7A00511DD5 /* SignUpInputTableViewCell.m in Sources */,
			);
			runOnlyForDeploymentPostprocessing = 0;
		};
		88A736E91B91318D00093B27 /* Sources */ = {
			isa = PBXSourcesBuildPhase;
			buildActionMask = 2147483647;
			files = (
				88A736F41B91318D00093B27 /* SpotlightTests.m in Sources */,
			);
			runOnlyForDeploymentPostprocessing = 0;
		};
/* End PBXSourcesBuildPhase section */

/* Begin PBXTargetDependency section */
		88A736EF1B91318D00093B27 /* PBXTargetDependency */ = {
			isa = PBXTargetDependency;
			target = 88A736D31B91318D00093B27 /* Spotlight */;
			targetProxy = 88A736EE1B91318D00093B27 /* PBXContainerItemProxy */;
		};
/* End PBXTargetDependency section */

/* Begin PBXVariantGroup section */
		88A736E11B91318D00093B27 /* Main.storyboard */ = {
			isa = PBXVariantGroup;
			children = (
				88A736E21B91318D00093B27 /* Base */,
			);
			name = Main.storyboard;
			sourceTree = "<group>";
		};
		88A736E61B91318D00093B27 /* LaunchScreen.xib */ = {
			isa = PBXVariantGroup;
			children = (
				88A736E71B91318D00093B27 /* Base */,
			);
			name = LaunchScreen.xib;
			sourceTree = "<group>";
		};
/* End PBXVariantGroup section */

/* Begin XCBuildConfiguration section */
		88A736F51B91318D00093B27 /* Debug */ = {
			isa = XCBuildConfiguration;
			buildSettings = {
				ALWAYS_SEARCH_USER_PATHS = NO;
				CLANG_CXX_LANGUAGE_STANDARD = "gnu++0x";
				CLANG_CXX_LIBRARY = "libc++";
				CLANG_ENABLE_MODULES = YES;
				CLANG_ENABLE_OBJC_ARC = YES;
				CLANG_WARN_BOOL_CONVERSION = YES;
				CLANG_WARN_CONSTANT_CONVERSION = YES;
				CLANG_WARN_DIRECT_OBJC_ISA_USAGE = YES_ERROR;
				CLANG_WARN_EMPTY_BODY = YES;
				CLANG_WARN_ENUM_CONVERSION = YES;
				CLANG_WARN_INT_CONVERSION = YES;
				CLANG_WARN_OBJC_ROOT_CLASS = YES_ERROR;
				CLANG_WARN_UNREACHABLE_CODE = YES;
				CLANG_WARN__DUPLICATE_METHOD_MATCH = YES;
				"CODE_SIGN_IDENTITY[sdk=iphoneos*]" = "iPhone Developer";
				COPY_PHASE_STRIP = NO;
				DEBUG_INFORMATION_FORMAT = "dwarf-with-dsym";
				ENABLE_STRICT_OBJC_MSGSEND = YES;
				ENABLE_TESTABILITY = YES;
				GCC_C_LANGUAGE_STANDARD = gnu99;
				GCC_DYNAMIC_NO_PIC = NO;
				GCC_NO_COMMON_BLOCKS = YES;
				GCC_OPTIMIZATION_LEVEL = 0;
				GCC_PREPROCESSOR_DEFINITIONS = (
					"DEBUG=1",
					"$(inherited)",
				);
				GCC_SYMBOLS_PRIVATE_EXTERN = NO;
				GCC_WARN_64_TO_32_BIT_CONVERSION = YES;
				GCC_WARN_ABOUT_RETURN_TYPE = YES_ERROR;
				GCC_WARN_UNDECLARED_SELECTOR = YES;
				GCC_WARN_UNINITIALIZED_AUTOS = YES_AGGRESSIVE;
				GCC_WARN_UNUSED_FUNCTION = YES;
				GCC_WARN_UNUSED_VARIABLE = YES;
				IPHONEOS_DEPLOYMENT_TARGET = 8.4;
				MTL_ENABLE_DEBUG_INFO = YES;
				ONLY_ACTIVE_ARCH = YES;
				SDKROOT = iphoneos;
				TARGETED_DEVICE_FAMILY = "1,2";
			};
			name = Debug;
		};
		88A736F61B91318D00093B27 /* Release */ = {
			isa = XCBuildConfiguration;
			buildSettings = {
				ALWAYS_SEARCH_USER_PATHS = NO;
				CLANG_CXX_LANGUAGE_STANDARD = "gnu++0x";
				CLANG_CXX_LIBRARY = "libc++";
				CLANG_ENABLE_MODULES = YES;
				CLANG_ENABLE_OBJC_ARC = YES;
				CLANG_WARN_BOOL_CONVERSION = YES;
				CLANG_WARN_CONSTANT_CONVERSION = YES;
				CLANG_WARN_DIRECT_OBJC_ISA_USAGE = YES_ERROR;
				CLANG_WARN_EMPTY_BODY = YES;
				CLANG_WARN_ENUM_CONVERSION = YES;
				CLANG_WARN_INT_CONVERSION = YES;
				CLANG_WARN_OBJC_ROOT_CLASS = YES_ERROR;
				CLANG_WARN_UNREACHABLE_CODE = YES;
				CLANG_WARN__DUPLICATE_METHOD_MATCH = YES;
				"CODE_SIGN_IDENTITY[sdk=iphoneos*]" = "iPhone Developer";
				COPY_PHASE_STRIP = NO;
				DEBUG_INFORMATION_FORMAT = "dwarf-with-dsym";
				ENABLE_NS_ASSERTIONS = NO;
				ENABLE_STRICT_OBJC_MSGSEND = YES;
				GCC_C_LANGUAGE_STANDARD = gnu99;
				GCC_NO_COMMON_BLOCKS = YES;
				GCC_WARN_64_TO_32_BIT_CONVERSION = YES;
				GCC_WARN_ABOUT_RETURN_TYPE = YES_ERROR;
				GCC_WARN_UNDECLARED_SELECTOR = YES;
				GCC_WARN_UNINITIALIZED_AUTOS = YES_AGGRESSIVE;
				GCC_WARN_UNUSED_FUNCTION = YES;
				GCC_WARN_UNUSED_VARIABLE = YES;
				IPHONEOS_DEPLOYMENT_TARGET = 8.4;
				MTL_ENABLE_DEBUG_INFO = NO;
				SDKROOT = iphoneos;
				TARGETED_DEVICE_FAMILY = "1,2";
				VALIDATE_PRODUCT = YES;
			};
			name = Release;
		};
		88A736F81B91318D00093B27 /* Debug */ = {
			isa = XCBuildConfiguration;
			baseConfigurationReference = 17139AE8364E5B9890F4FCBC /* Pods-Spotlight.debug.xcconfig */;
			buildSettings = {
				ASSETCATALOG_COMPILER_APPICON_NAME = AppIcon;
				CLANG_ENABLE_MODULES = YES;
				CODE_SIGN_IDENTITY = "iPhone Developer";
				"CODE_SIGN_IDENTITY[sdk=iphoneos*]" = "iPhone Developer";
				FRAMEWORK_SEARCH_PATHS = (
					"$(inherited)",
					"$(PROJECT_DIR)",
				);
				INFOPLIST_FILE = Spotlight/Info.plist;
				LD_RUNPATH_SEARCH_PATHS = "$(inherited) @executable_path/Frameworks";
				PRODUCT_BUNDLE_IDENTIFIER = com.myspotlight.spotlight;
				PRODUCT_NAME = "$(TARGET_NAME)";
				PROVISIONING_PROFILE = "";
				SWIFT_OBJC_BRIDGING_HEADER = "Spotlight/Spotlight-Bridging-Header.h";
				SWIFT_OPTIMIZATION_LEVEL = "-Onone";
			};
			name = Debug;
		};
		88A736F91B91318D00093B27 /* Release */ = {
			isa = XCBuildConfiguration;
			baseConfigurationReference = 4FDDD1185B6B67FED774A599 /* Pods-Spotlight.release.xcconfig */;
			buildSettings = {
				ASSETCATALOG_COMPILER_APPICON_NAME = AppIcon;
				CLANG_ENABLE_MODULES = YES;
				CODE_SIGN_IDENTITY = "iPhone Distribution";
				"CODE_SIGN_IDENTITY[sdk=iphoneos*]" = "iPhone Distribution";
				FRAMEWORK_SEARCH_PATHS = (
					"$(inherited)",
					"$(PROJECT_DIR)",
				);
				INFOPLIST_FILE = Spotlight/Info.plist;
				LD_RUNPATH_SEARCH_PATHS = "$(inherited) @executable_path/Frameworks";
				PRODUCT_BUNDLE_IDENTIFIER = com.myspotlight.spotlight;
				PRODUCT_NAME = "$(TARGET_NAME)";
				PROVISIONING_PROFILE = "";
				SWIFT_OBJC_BRIDGING_HEADER = "Spotlight/Spotlight-Bridging-Header.h";
			};
			name = Release;
		};
		88A736FB1B91318D00093B27 /* Debug */ = {
			isa = XCBuildConfiguration;
			buildSettings = {
				BUNDLE_LOADER = "$(TEST_HOST)";
				FRAMEWORK_SEARCH_PATHS = (
					"$(SDKROOT)/Developer/Library/Frameworks",
					"$(inherited)",
				);
				GCC_PREPROCESSOR_DEFINITIONS = (
					"DEBUG=1",
					"$(inherited)",
				);
				INFOPLIST_FILE = SpotlightTests/Info.plist;
				LD_RUNPATH_SEARCH_PATHS = "$(inherited) @executable_path/Frameworks @loader_path/Frameworks";
				PRODUCT_BUNDLE_IDENTIFIER = "com.spotlight.$(PRODUCT_NAME:rfc1034identifier)";
				PRODUCT_NAME = "$(TARGET_NAME)";
				TEST_HOST = "$(BUILT_PRODUCTS_DIR)/Spotlight.app/Spotlight";
			};
			name = Debug;
		};
		88A736FC1B91318D00093B27 /* Release */ = {
			isa = XCBuildConfiguration;
			buildSettings = {
				BUNDLE_LOADER = "$(TEST_HOST)";
				FRAMEWORK_SEARCH_PATHS = (
					"$(SDKROOT)/Developer/Library/Frameworks",
					"$(inherited)",
				);
				INFOPLIST_FILE = SpotlightTests/Info.plist;
				LD_RUNPATH_SEARCH_PATHS = "$(inherited) @executable_path/Frameworks @loader_path/Frameworks";
				PRODUCT_BUNDLE_IDENTIFIER = "com.spotlight.$(PRODUCT_NAME:rfc1034identifier)";
				PRODUCT_NAME = "$(TARGET_NAME)";
				TEST_HOST = "$(BUILT_PRODUCTS_DIR)/Spotlight.app/Spotlight";
			};
			name = Release;
		};
/* End XCBuildConfiguration section */

/* Begin XCConfigurationList section */
		88A736CF1B91318D00093B27 /* Build configuration list for PBXProject "Spotlight" */ = {
			isa = XCConfigurationList;
			buildConfigurations = (
				88A736F51B91318D00093B27 /* Debug */,
				88A736F61B91318D00093B27 /* Release */,
			);
			defaultConfigurationIsVisible = 0;
			defaultConfigurationName = Release;
		};
		88A736F71B91318D00093B27 /* Build configuration list for PBXNativeTarget "Spotlight" */ = {
			isa = XCConfigurationList;
			buildConfigurations = (
				88A736F81B91318D00093B27 /* Debug */,
				88A736F91B91318D00093B27 /* Release */,
			);
			defaultConfigurationIsVisible = 0;
			defaultConfigurationName = Release;
		};
		88A736FA1B91318D00093B27 /* Build configuration list for PBXNativeTarget "SpotlightTests" */ = {
			isa = XCConfigurationList;
			buildConfigurations = (
				88A736FB1B91318D00093B27 /* Debug */,
				88A736FC1B91318D00093B27 /* Release */,
			);
			defaultConfigurationIsVisible = 0;
			defaultConfigurationName = Release;
		};
/* End XCConfigurationList section */
	};
	rootObject = 88A736CC1B91318D00093B27 /* Project object */;
}
